// !$*UTF8*$!
{
	archiveVersion = 1;
	classes = {
	};
	objectVersion = 48;
	objects = {

/* Begin PBXBuildFile section */
		3747BE0AADE571F85F5BF94B /* Pods_CalTestTests.framework in Frameworks */ = {isa = PBXBuildFile; fileRef = 5CB9B1A02F5596A468EC310C /* Pods_CalTestTests.framework */; };
		69139E8CA2D57F3383CDDFD4 /* Pods_CalTest_CalTestUITests.framework in Frameworks */ = {isa = PBXBuildFile; fileRef = 57E3D06E11042B193401E715 /* Pods_CalTest_CalTestUITests.framework */; };
		7D0F87CC2004244F00CB0058 /* Status.swift in Sources */ = {isa = PBXBuildFile; fileRef = 7D0F87CB2004244F00CB0058 /* Status.swift */; };
		7D0F87D12004554A00CB0058 /* StatusTableViewCell.swift in Sources */ = {isa = PBXBuildFile; fileRef = 7D0F87D02004554A00CB0058 /* StatusTableViewCell.swift */; };
		7D0F87D4200465A100CB0058 /* StatusView.swift in Sources */ = {isa = PBXBuildFile; fileRef = 7D0F87D3200465A100CB0058 /* StatusView.swift */; };
		7D0F87D820050F7800CB0058 /* StatusViewCell.swift in Sources */ = {isa = PBXBuildFile; fileRef = 7D0F87D720050F7800CB0058 /* StatusViewCell.swift */; };
		7D117BA71FC33EB2009E5932 /* Event.swift in Sources */ = {isa = PBXBuildFile; fileRef = 7D117BA61FC33EB2009E5932 /* Event.swift */; };
		7D117BA91FC39462009E5932 /* DayViewController.swift in Sources */ = {isa = PBXBuildFile; fileRef = 7D117BA81FC39462009E5932 /* DayViewController.swift */; };
		7D117BAB1FC45DAE009E5932 /* TimeTableViewCell.swift in Sources */ = {isa = PBXBuildFile; fileRef = 7D117BAA1FC45DAE009E5932 /* TimeTableViewCell.swift */; };
		7D2A498C1FED42A800CDEEB3 /* InviteesTableViewController.swift in Sources */ = {isa = PBXBuildFile; fileRef = 7D2A498B1FED42A800CDEEB3 /* InviteesTableViewController.swift */; };
		7D2A498E1FED498D00CDEEB3 /* Invitee.swift in Sources */ = {isa = PBXBuildFile; fileRef = 7D2A498D1FED498D00CDEEB3 /* Invitee.swift */; };
		7D2A49901FF0335900CDEEB3 /* InviteFriendViewController.swift in Sources */ = {isa = PBXBuildFile; fileRef = 7D2A498F1FF0335900CDEEB3 /* InviteFriendViewController.swift */; };
		7D3127C31FF98B65009752F0 /* SettingsToggleCell.swift in Sources */ = {isa = PBXBuildFile; fileRef = 7D3127C21FF98B65009752F0 /* SettingsToggleCell.swift */; };
		7D3127C51FF9A32C009752F0 /* Settings.swift in Sources */ = {isa = PBXBuildFile; fileRef = 7D3127C41FF9A32C009752F0 /* Settings.swift */; };
		7D4483D32039DADC00071CB3 /* LoginViewCell.swift in Sources */ = {isa = PBXBuildFile; fileRef = 7D4483D22039DADC00071CB3 /* LoginViewCell.swift */; };
		7D45F4592005329D0096A205 /* NewStatusViewCell.swift in Sources */ = {isa = PBXBuildFile; fileRef = 7D45F4582005329D0096A205 /* NewStatusViewCell.swift */; };
		7D476FB42014F6710004E490 /* TextTableViewCell.swift in Sources */ = {isa = PBXBuildFile; fileRef = 7D476FB32014F6710004E490 /* TextTableViewCell.swift */; };
		7D4AA0A0264042F9002EFAF2 /* SettingsUserProfileCell.swift in Sources */ = {isa = PBXBuildFile; fileRef = 7D4AA09F264042F9002EFAF2 /* SettingsUserProfileCell.swift */; };
		7D4AA0A226404B98002EFAF2 /* UserManagerViewController.swift in Sources */ = {isa = PBXBuildFile; fileRef = 7D4AA0A126404B98002EFAF2 /* UserManagerViewController.swift */; };
		7D4E7BB01FFAC79F0085DA33 /* NewEventToggleCell.swift in Sources */ = {isa = PBXBuildFile; fileRef = 7D4E7BAF1FFAC79F0085DA33 /* NewEventToggleCell.swift */; };
		7D5ACE0F267CC35700C5CD75 /* Theme.swift in Sources */ = {isa = PBXBuildFile; fileRef = 7D5ACE0E267CC35700C5CD75 /* Theme.swift */; };
		7D5E0FF31FC9D8BB006A9D75 /* WelcomeViewController.swift in Sources */ = {isa = PBXBuildFile; fileRef = 7D5E0FF21FC9D8BB006A9D75 /* WelcomeViewController.swift */; };
		7D5E0FF51FCA4110006A9D75 /* TabBarController.swift in Sources */ = {isa = PBXBuildFile; fileRef = 7D5E0FF41FCA4110006A9D75 /* TabBarController.swift */; };
		7D5F5D851FC207A800129830 /* AppDelegate.swift in Sources */ = {isa = PBXBuildFile; fileRef = 7D5F5D841FC207A800129830 /* AppDelegate.swift */; };
		7D5F5D871FC207A800129830 /* CalendarViewController.swift in Sources */ = {isa = PBXBuildFile; fileRef = 7D5F5D861FC207A800129830 /* CalendarViewController.swift */; };
		7D5F5D8C1FC207A800129830 /* Assets.xcassets in Resources */ = {isa = PBXBuildFile; fileRef = 7D5F5D8B1FC207A800129830 /* Assets.xcassets */; };
		7D5F5D8F1FC207A800129830 /* LaunchScreen.storyboard in Resources */ = {isa = PBXBuildFile; fileRef = 7D5F5D8D1FC207A800129830 /* LaunchScreen.storyboard */; };
		7D5F5D9A1FC207A800129830 /* CalTestTests.swift in Sources */ = {isa = PBXBuildFile; fileRef = 7D5F5D991FC207A800129830 /* CalTestTests.swift */; };
		7D5F5DA51FC207A800129830 /* CalTestUITests.swift in Sources */ = {isa = PBXBuildFile; fileRef = 7D5F5DA41FC207A800129830 /* CalTestUITests.swift */; };
		7D74E0C51FC7888D00DB91AF /* CalendarViewCell.swift in Sources */ = {isa = PBXBuildFile; fileRef = 7D74E0C41FC7888D00DB91AF /* CalendarViewCell.swift */; };
		7D7DEB891FC23AAA00F5443D /* CalendarHandler.swift in Sources */ = {isa = PBXBuildFile; fileRef = 7D7DEB881FC23AAA00F5443D /* CalendarHandler.swift */; };
		7D88FFD51FCB966400E6773E /* FriendsListViewController.swift in Sources */ = {isa = PBXBuildFile; fileRef = 7D88FFD41FCB966400E6773E /* FriendsListViewController.swift */; };
		7D88FFD71FCC58CB00E6773E /* FriendsListViewCell.swift in Sources */ = {isa = PBXBuildFile; fileRef = 7D88FFD61FCC58CB00E6773E /* FriendsListViewCell.swift */; };
		7D88FFD91FCC5E4700E6773E /* Person.swift in Sources */ = {isa = PBXBuildFile; fileRef = 7D88FFD81FCC5E4700E6773E /* Person.swift */; };
		7D8B86901FF6B91F006D4284 /* EventContainerView.swift in Sources */ = {isa = PBXBuildFile; fileRef = 7D8B868F1FF6B91F006D4284 /* EventContainerView.swift */; };
		7D90D53F1FD44B7D00FE2E89 /* SettingsViewController.swift in Sources */ = {isa = PBXBuildFile; fileRef = 7D90D53E1FD44B7D00FE2E89 /* SettingsViewController.swift */; };
		7DA1D91F203B5F800058580D /* SelectableTableViewCell.swift in Sources */ = {isa = PBXBuildFile; fileRef = 7DA1D91E203B5F800058580D /* SelectableTableViewCell.swift */; };
		7DA95A4720080B02004DB003 /* AdMobCollectionViewCell.swift in Sources */ = {isa = PBXBuildFile; fileRef = 7DA95A4620080B02004DB003 /* AdMobCollectionViewCell.swift */; };
		7DAA49DE1FCCC2990056E033 /* NewEventVC.swift in Sources */ = {isa = PBXBuildFile; fileRef = 7DAA49DD1FCCC2990056E033 /* NewEventVC.swift */; };
		7DAA49E31FCCCE650056E033 /* FormTextCell.swift in Sources */ = {isa = PBXBuildFile; fileRef = 7DAA49E21FCCCE650056E033 /* FormTextCell.swift */; };
		7DAA49E51FCCCEAB0056E033 /* FormDatePickerCell.swift in Sources */ = {isa = PBXBuildFile; fileRef = 7DAA49E41FCCCEAB0056E033 /* FormDatePickerCell.swift */; };
		7DB08E0726430339002C4B25 /* NotificationResponseAlert.swift in Sources */ = {isa = PBXBuildFile; fileRef = 7DB08E0626430338002C4B25 /* NotificationResponseAlert.swift */; };
		7DBDE526265AC89200F4D630 /* GoogleService-Info.plist in Resources */ = {isa = PBXBuildFile; fileRef = 7DBDE525265AC89200F4D630 /* GoogleService-Info.plist */; };
		7DBDE528265AFE2200F4D630 /* LogoutButtonCell.swift in Sources */ = {isa = PBXBuildFile; fileRef = 7DBDE527265AFE2200F4D630 /* LogoutButtonCell.swift */; };
		7DC80BEB265D6B6E00C8378C /* Circle.swift in Sources */ = {isa = PBXBuildFile; fileRef = 7DC80BEA265D6B6E00C8378C /* Circle.swift */; };
		7DCE27B41FC30E1C000981A9 /* CalendarDay.swift in Sources */ = {isa = PBXBuildFile; fileRef = 7DCE27B31FC30E1C000981A9 /* CalendarDay.swift */; };
		7DCE3F6A1FCF7F7500322939 /* NotificationRequestViewCell.swift in Sources */ = {isa = PBXBuildFile; fileRef = 7DCE3F691FCF7F7500322939 /* NotificationRequestViewCell.swift */; };
		7DCE3F6C1FD07A5600322939 /* NewRequestVC.swift in Sources */ = {isa = PBXBuildFile; fileRef = 7DCE3F6B1FD07A5600322939 /* NewRequestVC.swift */; };
		7DCE3F721FD305D500322939 /* CalendarNavigationController.swift in Sources */ = {isa = PBXBuildFile; fileRef = 7DCE3F711FD305D500322939 /* CalendarNavigationController.swift */; };
		7DCE3F741FD3176600322939 /* EventViewController.swift in Sources */ = {isa = PBXBuildFile; fileRef = 7DCE3F731FD3176600322939 /* EventViewController.swift */; };
		7DE55C261FCF15F800016A83 /* NotificationViewController.swift in Sources */ = {isa = PBXBuildFile; fileRef = 7DE55C251FCF15F800016A83 /* NotificationViewController.swift */; };
		7DE55C281FCF165E00016A83 /* Request.swift in Sources */ = {isa = PBXBuildFile; fileRef = 7DE55C271FCF165E00016A83 /* Request.swift */; };
		853C2D6D60C0E527F787AF61 /* Pods_CalTest.framework in Frameworks */ = {isa = PBXBuildFile; fileRef = 8F6838C04DA90089A3892750 /* Pods_CalTest.framework */; };
/* End PBXBuildFile section */

/* Begin PBXContainerItemProxy section */
		7D5F5D961FC207A800129830 /* PBXContainerItemProxy */ = {
			isa = PBXContainerItemProxy;
			containerPortal = 7D5F5D791FC207A800129830 /* Project object */;
			proxyType = 1;
			remoteGlobalIDString = 7D5F5D801FC207A800129830;
			remoteInfo = CalTest;
		};
		7D5F5DA11FC207A800129830 /* PBXContainerItemProxy */ = {
			isa = PBXContainerItemProxy;
			containerPortal = 7D5F5D791FC207A800129830 /* Project object */;
			proxyType = 1;
			remoteGlobalIDString = 7D5F5D801FC207A800129830;
			remoteInfo = CalTest;
		};
/* End PBXContainerItemProxy section */

/* Begin PBXFileReference section */
		09A3E60DF85BA0F9315B1DF0 /* Pods-CalTest.release.xcconfig */ = {isa = PBXFileReference; includeInIndex = 1; lastKnownFileType = text.xcconfig; name = "Pods-CalTest.release.xcconfig"; path = "Target Support Files/Pods-CalTest/Pods-CalTest.release.xcconfig"; sourceTree = "<group>"; };
		3544A1EE24B69EBAFCC9E556 /* Pods-CalTestTests.debug.xcconfig */ = {isa = PBXFileReference; includeInIndex = 1; lastKnownFileType = text.xcconfig; name = "Pods-CalTestTests.debug.xcconfig"; path = "Target Support Files/Pods-CalTestTests/Pods-CalTestTests.debug.xcconfig"; sourceTree = "<group>"; };
		4F480677EC0C983002DA7A67 /* Pods-CalTest.debug.xcconfig */ = {isa = PBXFileReference; includeInIndex = 1; lastKnownFileType = text.xcconfig; name = "Pods-CalTest.debug.xcconfig"; path = "Target Support Files/Pods-CalTest/Pods-CalTest.debug.xcconfig"; sourceTree = "<group>"; };
		57E3D06E11042B193401E715 /* Pods_CalTest_CalTestUITests.framework */ = {isa = PBXFileReference; explicitFileType = wrapper.framework; includeInIndex = 0; path = Pods_CalTest_CalTestUITests.framework; sourceTree = BUILT_PRODUCTS_DIR; };
		5CB9B1A02F5596A468EC310C /* Pods_CalTestTests.framework */ = {isa = PBXFileReference; explicitFileType = wrapper.framework; includeInIndex = 0; path = Pods_CalTestTests.framework; sourceTree = BUILT_PRODUCTS_DIR; };
		7D0F87CB2004244F00CB0058 /* Status.swift */ = {isa = PBXFileReference; lastKnownFileType = sourcecode.swift; path = Status.swift; sourceTree = "<group>"; };
		7D0F87D02004554A00CB0058 /* StatusTableViewCell.swift */ = {isa = PBXFileReference; lastKnownFileType = sourcecode.swift; path = StatusTableViewCell.swift; sourceTree = "<group>"; };
		7D0F87D3200465A100CB0058 /* StatusView.swift */ = {isa = PBXFileReference; fileEncoding = 4; lastKnownFileType = sourcecode.swift; path = StatusView.swift; sourceTree = "<group>"; };
		7D0F87D720050F7800CB0058 /* StatusViewCell.swift */ = {isa = PBXFileReference; lastKnownFileType = sourcecode.swift; path = StatusViewCell.swift; sourceTree = "<group>"; };
		7D117BA61FC33EB2009E5932 /* Event.swift */ = {isa = PBXFileReference; lastKnownFileType = sourcecode.swift; path = Event.swift; sourceTree = "<group>"; };
		7D117BA81FC39462009E5932 /* DayViewController.swift */ = {isa = PBXFileReference; lastKnownFileType = sourcecode.swift; path = DayViewController.swift; sourceTree = "<group>"; };
		7D117BAA1FC45DAE009E5932 /* TimeTableViewCell.swift */ = {isa = PBXFileReference; lastKnownFileType = sourcecode.swift; path = TimeTableViewCell.swift; sourceTree = "<group>"; };
		7D2A498B1FED42A800CDEEB3 /* InviteesTableViewController.swift */ = {isa = PBXFileReference; lastKnownFileType = sourcecode.swift; path = InviteesTableViewController.swift; sourceTree = "<group>"; };
		7D2A498D1FED498D00CDEEB3 /* Invitee.swift */ = {isa = PBXFileReference; lastKnownFileType = sourcecode.swift; path = Invitee.swift; sourceTree = "<group>"; };
		7D2A498F1FF0335900CDEEB3 /* InviteFriendViewController.swift */ = {isa = PBXFileReference; lastKnownFileType = sourcecode.swift; path = InviteFriendViewController.swift; sourceTree = "<group>"; };
		7D3127C21FF98B65009752F0 /* SettingsToggleCell.swift */ = {isa = PBXFileReference; lastKnownFileType = sourcecode.swift; path = SettingsToggleCell.swift; sourceTree = "<group>"; };
		7D3127C41FF9A32C009752F0 /* Settings.swift */ = {isa = PBXFileReference; lastKnownFileType = sourcecode.swift; path = Settings.swift; sourceTree = "<group>"; };
		7D4483D22039DADC00071CB3 /* LoginViewCell.swift */ = {isa = PBXFileReference; lastKnownFileType = sourcecode.swift; path = LoginViewCell.swift; sourceTree = "<group>"; };
		7D45F4582005329D0096A205 /* NewStatusViewCell.swift */ = {isa = PBXFileReference; lastKnownFileType = sourcecode.swift; path = NewStatusViewCell.swift; sourceTree = "<group>"; };
		7D476FB32014F6710004E490 /* TextTableViewCell.swift */ = {isa = PBXFileReference; lastKnownFileType = sourcecode.swift; path = TextTableViewCell.swift; sourceTree = "<group>"; };
		7D4AA09F264042F9002EFAF2 /* SettingsUserProfileCell.swift */ = {isa = PBXFileReference; lastKnownFileType = sourcecode.swift; path = SettingsUserProfileCell.swift; sourceTree = "<group>"; };
		7D4AA0A126404B98002EFAF2 /* UserManagerViewController.swift */ = {isa = PBXFileReference; lastKnownFileType = sourcecode.swift; path = UserManagerViewController.swift; sourceTree = "<group>"; };
		7D4E7BAF1FFAC79F0085DA33 /* NewEventToggleCell.swift */ = {isa = PBXFileReference; lastKnownFileType = sourcecode.swift; path = NewEventToggleCell.swift; sourceTree = "<group>"; };
		7D5ACE0E267CC35700C5CD75 /* Theme.swift */ = {isa = PBXFileReference; lastKnownFileType = sourcecode.swift; path = Theme.swift; sourceTree = "<group>"; };
		7D5E0FF21FC9D8BB006A9D75 /* WelcomeViewController.swift */ = {isa = PBXFileReference; lastKnownFileType = sourcecode.swift; path = WelcomeViewController.swift; sourceTree = "<group>"; };
		7D5E0FF41FCA4110006A9D75 /* TabBarController.swift */ = {isa = PBXFileReference; lastKnownFileType = sourcecode.swift; path = TabBarController.swift; sourceTree = "<group>"; };
		7D5F5D811FC207A800129830 /* Palendar.app */ = {isa = PBXFileReference; explicitFileType = wrapper.application; includeInIndex = 0; path = Palendar.app; sourceTree = BUILT_PRODUCTS_DIR; };
		7D5F5D841FC207A800129830 /* AppDelegate.swift */ = {isa = PBXFileReference; lastKnownFileType = sourcecode.swift; path = AppDelegate.swift; sourceTree = "<group>"; };
		7D5F5D861FC207A800129830 /* CalendarViewController.swift */ = {isa = PBXFileReference; lastKnownFileType = sourcecode.swift; path = CalendarViewController.swift; sourceTree = "<group>"; };
		7D5F5D8B1FC207A800129830 /* Assets.xcassets */ = {isa = PBXFileReference; lastKnownFileType = folder.assetcatalog; path = Assets.xcassets; sourceTree = "<group>"; };
		7D5F5D8E1FC207A800129830 /* Base */ = {isa = PBXFileReference; lastKnownFileType = file.storyboard; name = Base; path = Base.lproj/LaunchScreen.storyboard; sourceTree = "<group>"; };
		7D5F5D901FC207A800129830 /* Info.plist */ = {isa = PBXFileReference; lastKnownFileType = text.plist.xml; path = Info.plist; sourceTree = "<group>"; };
		7D5F5D951FC207A800129830 /* CalTestTests.xctest */ = {isa = PBXFileReference; explicitFileType = wrapper.cfbundle; includeInIndex = 0; path = CalTestTests.xctest; sourceTree = BUILT_PRODUCTS_DIR; };
		7D5F5D991FC207A800129830 /* CalTestTests.swift */ = {isa = PBXFileReference; lastKnownFileType = sourcecode.swift; path = CalTestTests.swift; sourceTree = "<group>"; };
		7D5F5D9B1FC207A800129830 /* Info.plist */ = {isa = PBXFileReference; lastKnownFileType = text.plist.xml; path = Info.plist; sourceTree = "<group>"; };
		7D5F5DA01FC207A800129830 /* CalTestUITests.xctest */ = {isa = PBXFileReference; explicitFileType = wrapper.cfbundle; includeInIndex = 0; path = CalTestUITests.xctest; sourceTree = BUILT_PRODUCTS_DIR; };
		7D5F5DA41FC207A800129830 /* CalTestUITests.swift */ = {isa = PBXFileReference; lastKnownFileType = sourcecode.swift; path = CalTestUITests.swift; sourceTree = "<group>"; };
		7D5F5DA61FC207A800129830 /* Info.plist */ = {isa = PBXFileReference; lastKnownFileType = text.plist.xml; path = Info.plist; sourceTree = "<group>"; };
		7D74E0C41FC7888D00DB91AF /* CalendarViewCell.swift */ = {isa = PBXFileReference; lastKnownFileType = sourcecode.swift; path = CalendarViewCell.swift; sourceTree = "<group>"; };
		7D7DEB881FC23AAA00F5443D /* CalendarHandler.swift */ = {isa = PBXFileReference; lastKnownFileType = sourcecode.swift; path = CalendarHandler.swift; sourceTree = "<group>"; };
		7D88FFD41FCB966400E6773E /* FriendsListViewController.swift */ = {isa = PBXFileReference; lastKnownFileType = sourcecode.swift; path = FriendsListViewController.swift; sourceTree = "<group>"; };
		7D88FFD61FCC58CB00E6773E /* FriendsListViewCell.swift */ = {isa = PBXFileReference; lastKnownFileType = sourcecode.swift; path = FriendsListViewCell.swift; sourceTree = "<group>"; };
		7D88FFD81FCC5E4700E6773E /* Person.swift */ = {isa = PBXFileReference; lastKnownFileType = sourcecode.swift; path = Person.swift; sourceTree = "<group>"; };
		7D8B868F1FF6B91F006D4284 /* EventContainerView.swift */ = {isa = PBXFileReference; lastKnownFileType = sourcecode.swift; path = EventContainerView.swift; sourceTree = "<group>"; };
		7D90D53E1FD44B7D00FE2E89 /* SettingsViewController.swift */ = {isa = PBXFileReference; lastKnownFileType = sourcecode.swift; path = SettingsViewController.swift; sourceTree = "<group>"; };
		7DA1D91E203B5F800058580D /* SelectableTableViewCell.swift */ = {isa = PBXFileReference; lastKnownFileType = sourcecode.swift; path = SelectableTableViewCell.swift; sourceTree = "<group>"; };
		7DA95A4620080B02004DB003 /* AdMobCollectionViewCell.swift */ = {isa = PBXFileReference; lastKnownFileType = sourcecode.swift; path = AdMobCollectionViewCell.swift; sourceTree = "<group>"; };
		7DAA49DD1FCCC2990056E033 /* NewEventVC.swift */ = {isa = PBXFileReference; lastKnownFileType = sourcecode.swift; path = NewEventVC.swift; sourceTree = "<group>"; };
		7DAA49E21FCCCE650056E033 /* FormTextCell.swift */ = {isa = PBXFileReference; lastKnownFileType = sourcecode.swift; path = FormTextCell.swift; sourceTree = "<group>"; };
		7DAA49E41FCCCEAB0056E033 /* FormDatePickerCell.swift */ = {isa = PBXFileReference; lastKnownFileType = sourcecode.swift; path = FormDatePickerCell.swift; sourceTree = "<group>"; };
		7DB08E0626430338002C4B25 /* NotificationResponseAlert.swift */ = {isa = PBXFileReference; lastKnownFileType = sourcecode.swift; path = NotificationResponseAlert.swift; sourceTree = "<group>"; };
		7DB2FCD2200E8465009E6DE9 /* Friendal.entitlements */ = {isa = PBXFileReference; lastKnownFileType = text.plist.entitlements; path = Friendal.entitlements; sourceTree = "<group>"; };
		7DBDE525265AC89200F4D630 /* GoogleService-Info.plist */ = {isa = PBXFileReference; fileEncoding = 4; lastKnownFileType = text.plist.xml; path = "GoogleService-Info.plist"; sourceTree = "<group>"; };
		7DBDE527265AFE2200F4D630 /* LogoutButtonCell.swift */ = {isa = PBXFileReference; lastKnownFileType = sourcecode.swift; path = LogoutButtonCell.swift; sourceTree = "<group>"; };
		7DC80BEA265D6B6E00C8378C /* Circle.swift */ = {isa = PBXFileReference; lastKnownFileType = sourcecode.swift; path = Circle.swift; sourceTree = "<group>"; };
		7DCE27B31FC30E1C000981A9 /* CalendarDay.swift */ = {isa = PBXFileReference; lastKnownFileType = sourcecode.swift; path = CalendarDay.swift; sourceTree = "<group>"; };
		7DCE3F691FCF7F7500322939 /* NotificationRequestViewCell.swift */ = {isa = PBXFileReference; lastKnownFileType = sourcecode.swift; path = NotificationRequestViewCell.swift; sourceTree = "<group>"; };
		7DCE3F6B1FD07A5600322939 /* NewRequestVC.swift */ = {isa = PBXFileReference; lastKnownFileType = sourcecode.swift; path = NewRequestVC.swift; sourceTree = "<group>"; };
		7DCE3F711FD305D500322939 /* CalendarNavigationController.swift */ = {isa = PBXFileReference; lastKnownFileType = sourcecode.swift; path = CalendarNavigationController.swift; sourceTree = "<group>"; };
		7DCE3F731FD3176600322939 /* EventViewController.swift */ = {isa = PBXFileReference; lastKnownFileType = sourcecode.swift; path = EventViewController.swift; sourceTree = "<group>"; };
		7DE55C251FCF15F800016A83 /* NotificationViewController.swift */ = {isa = PBXFileReference; lastKnownFileType = sourcecode.swift; path = NotificationViewController.swift; sourceTree = "<group>"; };
		7DE55C271FCF165E00016A83 /* Request.swift */ = {isa = PBXFileReference; lastKnownFileType = sourcecode.swift; path = Request.swift; sourceTree = "<group>"; };
		8F6838C04DA90089A3892750 /* Pods_CalTest.framework */ = {isa = PBXFileReference; explicitFileType = wrapper.framework; includeInIndex = 0; path = Pods_CalTest.framework; sourceTree = BUILT_PRODUCTS_DIR; };
		A70C6466F2D7E90D3EE9FBAE /* Pods-CalTestTests.release.xcconfig */ = {isa = PBXFileReference; includeInIndex = 1; lastKnownFileType = text.xcconfig; name = "Pods-CalTestTests.release.xcconfig"; path = "Target Support Files/Pods-CalTestTests/Pods-CalTestTests.release.xcconfig"; sourceTree = "<group>"; };
		AB4C8569B3B0D6FB6C348331 /* Pods-CalTest-CalTestUITests.debug.xcconfig */ = {isa = PBXFileReference; includeInIndex = 1; lastKnownFileType = text.xcconfig; name = "Pods-CalTest-CalTestUITests.debug.xcconfig"; path = "Target Support Files/Pods-CalTest-CalTestUITests/Pods-CalTest-CalTestUITests.debug.xcconfig"; sourceTree = "<group>"; };
		D2597DD14A951CF1C5A710D9 /* Pods-CalTest-CalTestUITests.release.xcconfig */ = {isa = PBXFileReference; includeInIndex = 1; lastKnownFileType = text.xcconfig; name = "Pods-CalTest-CalTestUITests.release.xcconfig"; path = "Target Support Files/Pods-CalTest-CalTestUITests/Pods-CalTest-CalTestUITests.release.xcconfig"; sourceTree = "<group>"; };
/* End PBXFileReference section */

/* Begin PBXFrameworksBuildPhase section */
		7D5F5D7E1FC207A800129830 /* Frameworks */ = {
			isa = PBXFrameworksBuildPhase;
			buildActionMask = 2147483647;
			files = (
				853C2D6D60C0E527F787AF61 /* Pods_CalTest.framework in Frameworks */,
			);
			runOnlyForDeploymentPostprocessing = 0;
		};
		7D5F5D921FC207A800129830 /* Frameworks */ = {
			isa = PBXFrameworksBuildPhase;
			buildActionMask = 2147483647;
			files = (
				3747BE0AADE571F85F5BF94B /* Pods_CalTestTests.framework in Frameworks */,
			);
			runOnlyForDeploymentPostprocessing = 0;
		};
		7D5F5D9D1FC207A800129830 /* Frameworks */ = {
			isa = PBXFrameworksBuildPhase;
			buildActionMask = 2147483647;
			files = (
				69139E8CA2D57F3383CDDFD4 /* Pods_CalTest_CalTestUITests.framework in Frameworks */,
			);
			runOnlyForDeploymentPostprocessing = 0;
		};
/* End PBXFrameworksBuildPhase section */

/* Begin PBXGroup section */
		30A41CA55A565A201466DF08 /* Pods */ = {
			isa = PBXGroup;
			children = (
				4F480677EC0C983002DA7A67 /* Pods-CalTest.debug.xcconfig */,
				09A3E60DF85BA0F9315B1DF0 /* Pods-CalTest.release.xcconfig */,
				AB4C8569B3B0D6FB6C348331 /* Pods-CalTest-CalTestUITests.debug.xcconfig */,
				D2597DD14A951CF1C5A710D9 /* Pods-CalTest-CalTestUITests.release.xcconfig */,
				3544A1EE24B69EBAFCC9E556 /* Pods-CalTestTests.debug.xcconfig */,
				A70C6466F2D7E90D3EE9FBAE /* Pods-CalTestTests.release.xcconfig */,
			);
			path = Pods;
			sourceTree = "<group>";
		};
		7D0F87D2200465A100CB0058 /* collections */ = {
			isa = PBXGroup;
			children = (
				7D0F87D3200465A100CB0058 /* StatusView.swift */,
			);
			path = collections;
			sourceTree = "<group>";
		};
		7D0F87D520050F0D00CB0058 /* tableView */ = {
			isa = PBXGroup;
			children = (
				7D117BAA1FC45DAE009E5932 /* TimeTableViewCell.swift */,
				7D88FFD61FCC58CB00E6773E /* FriendsListViewCell.swift */,
				7DAA49E21FCCCE650056E033 /* FormTextCell.swift */,
				7DAA49E41FCCCEAB0056E033 /* FormDatePickerCell.swift */,
				7DCE3F691FCF7F7500322939 /* NotificationRequestViewCell.swift */,
				7D3127C21FF98B65009752F0 /* SettingsToggleCell.swift */,
				7D4E7BAF1FFAC79F0085DA33 /* NewEventToggleCell.swift */,
				7D0F87D02004554A00CB0058 /* StatusTableViewCell.swift */,
				7D476FB32014F6710004E490 /* TextTableViewCell.swift */,
				7DA1D91E203B5F800058580D /* SelectableTableViewCell.swift */,
				7D4AA09F264042F9002EFAF2 /* SettingsUserProfileCell.swift */,
				7DBDE527265AFE2200F4D630 /* LogoutButtonCell.swift */,
			);
			path = tableView;
			sourceTree = "<group>";
		};
		7D0F87D620050F1E00CB0058 /* collectionView */ = {
			isa = PBXGroup;
			children = (
				7D74E0C41FC7888D00DB91AF /* CalendarViewCell.swift */,
				7D0F87D720050F7800CB0058 /* StatusViewCell.swift */,
				7D45F4582005329D0096A205 /* NewStatusViewCell.swift */,
				7DA95A4620080B02004DB003 /* AdMobCollectionViewCell.swift */,
				7D4483D22039DADC00071CB3 /* LoginViewCell.swift */,
			);
			path = collectionView;
			sourceTree = "<group>";
		};
		7D5F5D781FC207A800129830 = {
			isa = PBXGroup;
			children = (
				7D5F5D831FC207A800129830 /* CalTest */,
				7D5F5D981FC207A800129830 /* CalTestTests */,
				7D5F5DA31FC207A800129830 /* CalTestUITests */,
				7D5F5D821FC207A800129830 /* Products */,
				30A41CA55A565A201466DF08 /* Pods */,
				BA57121E26550849A3FD3D09 /* Frameworks */,
			);
			sourceTree = "<group>";
		};
		7D5F5D821FC207A800129830 /* Products */ = {
			isa = PBXGroup;
			children = (
				7D5F5D811FC207A800129830 /* Palendar.app */,
				7D5F5D951FC207A800129830 /* CalTestTests.xctest */,
				7D5F5DA01FC207A800129830 /* CalTestUITests.xctest */,
			);
			name = Products;
			sourceTree = "<group>";
		};
		7D5F5D831FC207A800129830 /* CalTest */ = {
			isa = PBXGroup;
			children = (
				7DB2FCD2200E8465009E6DE9 /* Friendal.entitlements */,
				7D5F5D841FC207A800129830 /* AppDelegate.swift */,
				7D7DEB881FC23AAA00F5443D /* CalendarHandler.swift */,
				7D8B868F1FF6B91F006D4284 /* EventContainerView.swift */,
				7D0F87D2200465A100CB0058 /* collections */,
				7DAA49E11FCCCDF20056E033 /* modals */,
				7DAA49E01FCCCDDF0056E033 /* controllers */,
				7DAA49DF1FCCCDD80056E033 /* cells */,
				7DCE27B51FC30E24000981A9 /* DataModel */,
				7D5F5D8B1FC207A800129830 /* Assets.xcassets */,
				7D5F5D8D1FC207A800129830 /* LaunchScreen.storyboard */,
				7D5ACE0E267CC35700C5CD75 /* Theme.swift */,
				7D5F5D901FC207A800129830 /* Info.plist */,
				7DBDE525265AC89200F4D630 /* GoogleService-Info.plist */,
				7DC80BEA265D6B6E00C8378C /* Circle.swift */,
			);
			path = CalTest;
			sourceTree = "<group>";
		};
		7D5F5D981FC207A800129830 /* CalTestTests */ = {
			isa = PBXGroup;
			children = (
				7D5F5D991FC207A800129830 /* CalTestTests.swift */,
				7D5F5D9B1FC207A800129830 /* Info.plist */,
			);
			path = CalTestTests;
			sourceTree = "<group>";
		};
		7D5F5DA31FC207A800129830 /* CalTestUITests */ = {
			isa = PBXGroup;
			children = (
				7D5F5DA41FC207A800129830 /* CalTestUITests.swift */,
				7D5F5DA61FC207A800129830 /* Info.plist */,
			);
			path = CalTestUITests;
			sourceTree = "<group>";
		};
		7DAA49DF1FCCCDD80056E033 /* cells */ = {
			isa = PBXGroup;
			children = (
				7D0F87D620050F1E00CB0058 /* collectionView */,
				7D0F87D520050F0D00CB0058 /* tableView */,
			);
			path = cells;
			sourceTree = "<group>";
		};
		7DAA49E01FCCCDDF0056E033 /* controllers */ = {
			isa = PBXGroup;
			children = (
				7DCE3F731FD3176600322939 /* EventViewController.swift */,
				7D5E0FF41FCA4110006A9D75 /* TabBarController.swift */,
				7D5F5D861FC207A800129830 /* CalendarViewController.swift */,
				7D117BA81FC39462009E5932 /* DayViewController.swift */,
				7D88FFD41FCB966400E6773E /* FriendsListViewController.swift */,
				7DE55C251FCF15F800016A83 /* NotificationViewController.swift */,
				7DCE3F711FD305D500322939 /* CalendarNavigationController.swift */,
				7D90D53E1FD44B7D00FE2E89 /* SettingsViewController.swift */,
				7D2A498B1FED42A800CDEEB3 /* InviteesTableViewController.swift */,
			);
			path = controllers;
			sourceTree = "<group>";
		};
		7DAA49E11FCCCDF20056E033 /* modals */ = {
			isa = PBXGroup;
			children = (
				7D5E0FF21FC9D8BB006A9D75 /* WelcomeViewController.swift */,
				7DAA49DD1FCCC2990056E033 /* NewEventVC.swift */,
				7DCE3F6B1FD07A5600322939 /* NewRequestVC.swift */,
				7D2A498F1FF0335900CDEEB3 /* InviteFriendViewController.swift */,
				7D4AA0A126404B98002EFAF2 /* UserManagerViewController.swift */,
				7DB08E0626430338002C4B25 /* NotificationResponseAlert.swift */,
			);
			path = modals;
			sourceTree = "<group>";
		};
		7DCE27B51FC30E24000981A9 /* DataModel */ = {
			isa = PBXGroup;
			children = (
				7DCE27B31FC30E1C000981A9 /* CalendarDay.swift */,
				7D117BA61FC33EB2009E5932 /* Event.swift */,
				7D88FFD81FCC5E4700E6773E /* Person.swift */,
				7DE55C271FCF165E00016A83 /* Request.swift */,
				7D2A498D1FED498D00CDEEB3 /* Invitee.swift */,
				7D3127C41FF9A32C009752F0 /* Settings.swift */,
				7D0F87CB2004244F00CB0058 /* Status.swift */,
			);
			path = DataModel;
			sourceTree = "<group>";
		};
		BA57121E26550849A3FD3D09 /* Frameworks */ = {
			isa = PBXGroup;
			children = (
				8F6838C04DA90089A3892750 /* Pods_CalTest.framework */,
				57E3D06E11042B193401E715 /* Pods_CalTest_CalTestUITests.framework */,
				5CB9B1A02F5596A468EC310C /* Pods_CalTestTests.framework */,
			);
			name = Frameworks;
			sourceTree = "<group>";
		};
/* End PBXGroup section */

/* Begin PBXNativeTarget section */
		7D5F5D801FC207A800129830 /* CalTest */ = {
			isa = PBXNativeTarget;
			buildConfigurationList = 7D5F5DA91FC207A800129830 /* Build configuration list for PBXNativeTarget "CalTest" */;
			buildPhases = (
				CCCB5808BDA77B80BC52512B /* [CP] Check Pods Manifest.lock */,
				7D5F5D7D1FC207A800129830 /* Sources */,
				7D5F5D7E1FC207A800129830 /* Frameworks */,
				7D5F5D7F1FC207A800129830 /* Resources */,
				7DE8182F2017987A007E41F7 /* upload dSYMs */,
				DA647C26783722550CFD617A /* [CP] Embed Pods Frameworks */,
				08B2BC68A3E4F78979441D08 /* [CP] Copy Pods Resources */,
			);
			buildRules = (
			);
			dependencies = (
			);
			name = CalTest;
			productName = CalTest;
			productReference = 7D5F5D811FC207A800129830 /* Palendar.app */;
			productType = "com.apple.product-type.application";
		};
		7D5F5D941FC207A800129830 /* CalTestTests */ = {
			isa = PBXNativeTarget;
			buildConfigurationList = 7D5F5DAC1FC207A800129830 /* Build configuration list for PBXNativeTarget "CalTestTests" */;
			buildPhases = (
				E21A1D08A19F6C762048E88E /* [CP] Check Pods Manifest.lock */,
				7D5F5D911FC207A800129830 /* Sources */,
				7D5F5D921FC207A800129830 /* Frameworks */,
				7D5F5D931FC207A800129830 /* Resources */,
			);
			buildRules = (
			);
			dependencies = (
				7D5F5D971FC207A800129830 /* PBXTargetDependency */,
			);
			name = CalTestTests;
			productName = CalTestTests;
			productReference = 7D5F5D951FC207A800129830 /* CalTestTests.xctest */;
			productType = "com.apple.product-type.bundle.unit-test";
		};
		7D5F5D9F1FC207A800129830 /* CalTestUITests */ = {
			isa = PBXNativeTarget;
			buildConfigurationList = 7D5F5DAF1FC207A800129830 /* Build configuration list for PBXNativeTarget "CalTestUITests" */;
			buildPhases = (
				64CB6B7FE0FA6AC293D640D3 /* [CP] Check Pods Manifest.lock */,
				7D5F5D9C1FC207A800129830 /* Sources */,
				7D5F5D9D1FC207A800129830 /* Frameworks */,
				7D5F5D9E1FC207A800129830 /* Resources */,
				85CD52862A379C038AF5EBAB /* [CP] Embed Pods Frameworks */,
				77B50CA7EF62CE985617E56A /* [CP] Copy Pods Resources */,
			);
			buildRules = (
			);
			dependencies = (
				7D5F5DA21FC207A800129830 /* PBXTargetDependency */,
			);
			name = CalTestUITests;
			productName = CalTestUITests;
			productReference = 7D5F5DA01FC207A800129830 /* CalTestUITests.xctest */;
			productType = "com.apple.product-type.bundle.ui-testing";
		};
/* End PBXNativeTarget section */

/* Begin PBXProject section */
		7D5F5D791FC207A800129830 /* Project object */ = {
			isa = PBXProject;
			attributes = {
				LastSwiftUpdateCheck = 0910;
				LastUpgradeCheck = 1240;
				ORGANIZATIONNAME = "Jamie McAllister";
				TargetAttributes = {
					7D5F5D801FC207A800129830 = {
						CreatedOnToolsVersion = 9.1;
						ProvisioningStyle = Automatic;
						SystemCapabilities = {
							com.apple.Push = {
								enabled = 1;
							};
						};
					};
					7D5F5D941FC207A800129830 = {
						CreatedOnToolsVersion = 9.1;
						LastSwiftMigration = 1240;
						ProvisioningStyle = Automatic;
						TestTargetID = 7D5F5D801FC207A800129830;
					};
					7D5F5D9F1FC207A800129830 = {
						CreatedOnToolsVersion = 9.1;
						LastSwiftMigration = 1240;
						ProvisioningStyle = Automatic;
						TestTargetID = 7D5F5D801FC207A800129830;
					};
				};
			};
			buildConfigurationList = 7D5F5D7C1FC207A800129830 /* Build configuration list for PBXProject "CalTest" */;
			compatibilityVersion = "Xcode 8.0";
			developmentRegion = en;
			hasScannedForEncodings = 0;
			knownRegions = (
				en,
				Base,
			);
			mainGroup = 7D5F5D781FC207A800129830;
			productRefGroup = 7D5F5D821FC207A800129830 /* Products */;
			projectDirPath = "";
			projectRoot = "";
			targets = (
				7D5F5D801FC207A800129830 /* CalTest */,
				7D5F5D941FC207A800129830 /* CalTestTests */,
				7D5F5D9F1FC207A800129830 /* CalTestUITests */,
			);
		};
/* End PBXProject section */

/* Begin PBXResourcesBuildPhase section */
		7D5F5D7F1FC207A800129830 /* Resources */ = {
			isa = PBXResourcesBuildPhase;
			buildActionMask = 2147483647;
			files = (
				7D5F5D8F1FC207A800129830 /* LaunchScreen.storyboard in Resources */,
				7D5F5D8C1FC207A800129830 /* Assets.xcassets in Resources */,
				7DBDE526265AC89200F4D630 /* GoogleService-Info.plist in Resources */,
			);
			runOnlyForDeploymentPostprocessing = 0;
		};
		7D5F5D931FC207A800129830 /* Resources */ = {
			isa = PBXResourcesBuildPhase;
			buildActionMask = 2147483647;
			files = (
			);
			runOnlyForDeploymentPostprocessing = 0;
		};
		7D5F5D9E1FC207A800129830 /* Resources */ = {
			isa = PBXResourcesBuildPhase;
			buildActionMask = 2147483647;
			files = (
			);
			runOnlyForDeploymentPostprocessing = 0;
		};
/* End PBXResourcesBuildPhase section */

/* Begin PBXShellScriptBuildPhase section */
		08B2BC68A3E4F78979441D08 /* [CP] Copy Pods Resources */ = {
			isa = PBXShellScriptBuildPhase;
			buildActionMask = 2147483647;
			files = (
			);
			inputPaths = (
				"${PODS_ROOT}/Target Support Files/Pods-CalTest/Pods-CalTest-resources.sh",
				"${PODS_CONFIGURATION_BUILD_DIR}/FirebaseUI/FirebaseAnonymousAuthUI.bundle",
				"${PODS_CONFIGURATION_BUILD_DIR}/FirebaseUI/FirebaseAuthUI.bundle",
				"${PODS_CONFIGURATION_BUILD_DIR}/FirebaseUI/FirebaseEmailAuthUI.bundle",
				"${PODS_CONFIGURATION_BUILD_DIR}/FirebaseUI/FirebaseFacebookAuthUI.bundle",
				"${PODS_CONFIGURATION_BUILD_DIR}/FirebaseUI/FirebaseGoogleAuthUI.bundle",
				"${PODS_CONFIGURATION_BUILD_DIR}/FirebaseUI/FirebaseOAuthUI.bundle",
				"${PODS_CONFIGURATION_BUILD_DIR}/FirebaseUI/FirebasePhoneAuthUI.bundle",
				"${PODS_ROOT}/GoogleSignIn/Resources/GoogleSignIn.bundle",
			);
			name = "[CP] Copy Pods Resources";
			outputPaths = (
				"${TARGET_BUILD_DIR}/${UNLOCALIZED_RESOURCES_FOLDER_PATH}/FirebaseAnonymousAuthUI.bundle",
				"${TARGET_BUILD_DIR}/${UNLOCALIZED_RESOURCES_FOLDER_PATH}/FirebaseAuthUI.bundle",
				"${TARGET_BUILD_DIR}/${UNLOCALIZED_RESOURCES_FOLDER_PATH}/FirebaseEmailAuthUI.bundle",
				"${TARGET_BUILD_DIR}/${UNLOCALIZED_RESOURCES_FOLDER_PATH}/FirebaseFacebookAuthUI.bundle",
				"${TARGET_BUILD_DIR}/${UNLOCALIZED_RESOURCES_FOLDER_PATH}/FirebaseGoogleAuthUI.bundle",
				"${TARGET_BUILD_DIR}/${UNLOCALIZED_RESOURCES_FOLDER_PATH}/FirebaseOAuthUI.bundle",
				"${TARGET_BUILD_DIR}/${UNLOCALIZED_RESOURCES_FOLDER_PATH}/FirebasePhoneAuthUI.bundle",
				"${TARGET_BUILD_DIR}/${UNLOCALIZED_RESOURCES_FOLDER_PATH}/GoogleSignIn.bundle",
			);
			runOnlyForDeploymentPostprocessing = 0;
			shellPath = /bin/sh;
			shellScript = "\"${PODS_ROOT}/Target Support Files/Pods-CalTest/Pods-CalTest-resources.sh\"\n";
			showEnvVarsInLog = 0;
		};
		64CB6B7FE0FA6AC293D640D3 /* [CP] Check Pods Manifest.lock */ = {
			isa = PBXShellScriptBuildPhase;
			buildActionMask = 2147483647;
			files = (
			);
			inputPaths = (
				"${PODS_PODFILE_DIR_PATH}/Podfile.lock",
				"${PODS_ROOT}/Manifest.lock",
			);
			name = "[CP] Check Pods Manifest.lock";
			outputPaths = (
				"$(DERIVED_FILE_DIR)/Pods-CalTest-CalTestUITests-checkManifestLockResult.txt",
			);
			runOnlyForDeploymentPostprocessing = 0;
			shellPath = /bin/sh;
			shellScript = "diff \"${PODS_PODFILE_DIR_PATH}/Podfile.lock\" \"${PODS_ROOT}/Manifest.lock\" > /dev/null\nif [ $? != 0 ] ; then\n    # print error to STDERR\n    echo \"error: The sandbox is not in sync with the Podfile.lock. Run 'pod install' or update your CocoaPods installation.\" >&2\n    exit 1\nfi\n# This output is used by Xcode 'outputs' to avoid re-running this script phase.\necho \"SUCCESS\" > \"${SCRIPT_OUTPUT_FILE_0}\"\n";
			showEnvVarsInLog = 0;
		};
		77B50CA7EF62CE985617E56A /* [CP] Copy Pods Resources */ = {
			isa = PBXShellScriptBuildPhase;
			buildActionMask = 2147483647;
			files = (
			);
			inputPaths = (
				"${PODS_ROOT}/Target Support Files/Pods-CalTest-CalTestUITests/Pods-CalTest-CalTestUITests-resources.sh",
				"${PODS_CONFIGURATION_BUILD_DIR}/FirebaseUI/FirebaseAnonymousAuthUI.bundle",
				"${PODS_CONFIGURATION_BUILD_DIR}/FirebaseUI/FirebaseAuthUI.bundle",
				"${PODS_CONFIGURATION_BUILD_DIR}/FirebaseUI/FirebaseEmailAuthUI.bundle",
				"${PODS_CONFIGURATION_BUILD_DIR}/FirebaseUI/FirebaseFacebookAuthUI.bundle",
				"${PODS_CONFIGURATION_BUILD_DIR}/FirebaseUI/FirebaseGoogleAuthUI.bundle",
				"${PODS_CONFIGURATION_BUILD_DIR}/FirebaseUI/FirebaseOAuthUI.bundle",
				"${PODS_CONFIGURATION_BUILD_DIR}/FirebaseUI/FirebasePhoneAuthUI.bundle",
				"${PODS_ROOT}/GoogleSignIn/Resources/GoogleSignIn.bundle",
			);
			name = "[CP] Copy Pods Resources";
			outputPaths = (
				"${TARGET_BUILD_DIR}/${UNLOCALIZED_RESOURCES_FOLDER_PATH}/FirebaseAnonymousAuthUI.bundle",
				"${TARGET_BUILD_DIR}/${UNLOCALIZED_RESOURCES_FOLDER_PATH}/FirebaseAuthUI.bundle",
				"${TARGET_BUILD_DIR}/${UNLOCALIZED_RESOURCES_FOLDER_PATH}/FirebaseEmailAuthUI.bundle",
				"${TARGET_BUILD_DIR}/${UNLOCALIZED_RESOURCES_FOLDER_PATH}/FirebaseFacebookAuthUI.bundle",
				"${TARGET_BUILD_DIR}/${UNLOCALIZED_RESOURCES_FOLDER_PATH}/FirebaseGoogleAuthUI.bundle",
				"${TARGET_BUILD_DIR}/${UNLOCALIZED_RESOURCES_FOLDER_PATH}/FirebaseOAuthUI.bundle",
				"${TARGET_BUILD_DIR}/${UNLOCALIZED_RESOURCES_FOLDER_PATH}/FirebasePhoneAuthUI.bundle",
				"${TARGET_BUILD_DIR}/${UNLOCALIZED_RESOURCES_FOLDER_PATH}/GoogleSignIn.bundle",
			);
			runOnlyForDeploymentPostprocessing = 0;
			shellPath = /bin/sh;
			shellScript = "\"${PODS_ROOT}/Target Support Files/Pods-CalTest-CalTestUITests/Pods-CalTest-CalTestUITests-resources.sh\"\n";
			showEnvVarsInLog = 0;
		};
		7DE8182F2017987A007E41F7 /* upload dSYMs */ = {
			isa = PBXShellScriptBuildPhase;
			buildActionMask = 2147483647;
			files = (
			);
			inputPaths = (
			);
			name = "upload dSYMs";
			outputPaths = (
			);
			runOnlyForDeploymentPostprocessing = 0;
			shellPath = /bin/sh;
			shellScript = "find \"/Users/jamie/Library/Developer/Xcode/DerivedData/CalTest-eijpetsowazsmsegwizzgopcdpcq/Build/Products\" -name \"*.dSYM\" | xargs -I \\{\\} $PODS_ROOT/Fabric/upload-symbols -gsp \"/Users/jamie/Documents/CalTest/CalTest/GoogleService-Info.plist\" -p \"ios\" \\{\\}\n\necho \"uploaded dSYMs\"\n";
		};
		85CD52862A379C038AF5EBAB /* [CP] Embed Pods Frameworks */ = {
			isa = PBXShellScriptBuildPhase;
			buildActionMask = 2147483647;
			files = (
			);
			inputPaths = (
				"${PODS_ROOT}/Target Support Files/Pods-CalTest-CalTestUITests/Pods-CalTest-CalTestUITests-frameworks.sh",
				"${BUILT_PRODUCTS_DIR}/AppAuth/AppAuth.framework",
				"${BUILT_PRODUCTS_DIR}/BoringSSL-GRPC/openssl_grpc.framework",
				"${BUILT_PRODUCTS_DIR}/FBSDKCoreKit/FBSDKCoreKit.framework",
				"${BUILT_PRODUCTS_DIR}/FBSDKLoginKit/FBSDKLoginKit.framework",
				"${BUILT_PRODUCTS_DIR}/FirebaseAuth/FirebaseAuth.framework",
				"${BUILT_PRODUCTS_DIR}/FirebaseCore/FirebaseCore.framework",
				"${BUILT_PRODUCTS_DIR}/FirebaseCoreDiagnostics/FirebaseCoreDiagnostics.framework",
				"${BUILT_PRODUCTS_DIR}/FirebaseDatabase/FirebaseDatabase.framework",
				"${BUILT_PRODUCTS_DIR}/FirebaseFirestore/FirebaseFirestore.framework",
				"${BUILT_PRODUCTS_DIR}/FirebaseFirestoreSwift/FirebaseFirestoreSwift.framework",
				"${BUILT_PRODUCTS_DIR}/FirebaseInstallations/FirebaseInstallations.framework",
				"${BUILT_PRODUCTS_DIR}/FirebaseStorage/FirebaseStorage.framework",
				"${BUILT_PRODUCTS_DIR}/GTMAppAuth/GTMAppAuth.framework",
				"${BUILT_PRODUCTS_DIR}/GTMSessionFetcher/GTMSessionFetcher.framework",
				"${BUILT_PRODUCTS_DIR}/GoogleDataTransport/GoogleDataTransport.framework",
				"${BUILT_PRODUCTS_DIR}/GoogleUtilities/GoogleUtilities.framework",
				"${BUILT_PRODUCTS_DIR}/PromisesObjC/FBLPromises.framework",
				"${BUILT_PRODUCTS_DIR}/SDWebImage/SDWebImage.framework",
				"${BUILT_PRODUCTS_DIR}/abseil/absl.framework",
				"${BUILT_PRODUCTS_DIR}/gRPC-C++/grpcpp.framework",
				"${BUILT_PRODUCTS_DIR}/gRPC-Core/grpc.framework",
				"${BUILT_PRODUCTS_DIR}/leveldb-library/leveldb.framework",
				"${BUILT_PRODUCTS_DIR}/nanopb/nanopb.framework",
			);
			name = "[CP] Embed Pods Frameworks";
			outputPaths = (
				"${TARGET_BUILD_DIR}/${FRAMEWORKS_FOLDER_PATH}/AppAuth.framework",
				"${TARGET_BUILD_DIR}/${FRAMEWORKS_FOLDER_PATH}/openssl_grpc.framework",
				"${TARGET_BUILD_DIR}/${FRAMEWORKS_FOLDER_PATH}/FBSDKCoreKit.framework",
				"${TARGET_BUILD_DIR}/${FRAMEWORKS_FOLDER_PATH}/FBSDKLoginKit.framework",
				"${TARGET_BUILD_DIR}/${FRAMEWORKS_FOLDER_PATH}/FirebaseAuth.framework",
				"${TARGET_BUILD_DIR}/${FRAMEWORKS_FOLDER_PATH}/FirebaseCore.framework",
				"${TARGET_BUILD_DIR}/${FRAMEWORKS_FOLDER_PATH}/FirebaseCoreDiagnostics.framework",
				"${TARGET_BUILD_DIR}/${FRAMEWORKS_FOLDER_PATH}/FirebaseDatabase.framework",
				"${TARGET_BUILD_DIR}/${FRAMEWORKS_FOLDER_PATH}/FirebaseFirestore.framework",
				"${TARGET_BUILD_DIR}/${FRAMEWORKS_FOLDER_PATH}/FirebaseFirestoreSwift.framework",
				"${TARGET_BUILD_DIR}/${FRAMEWORKS_FOLDER_PATH}/FirebaseInstallations.framework",
				"${TARGET_BUILD_DIR}/${FRAMEWORKS_FOLDER_PATH}/FirebaseStorage.framework",
				"${TARGET_BUILD_DIR}/${FRAMEWORKS_FOLDER_PATH}/GTMAppAuth.framework",
				"${TARGET_BUILD_DIR}/${FRAMEWORKS_FOLDER_PATH}/GTMSessionFetcher.framework",
				"${TARGET_BUILD_DIR}/${FRAMEWORKS_FOLDER_PATH}/GoogleDataTransport.framework",
				"${TARGET_BUILD_DIR}/${FRAMEWORKS_FOLDER_PATH}/GoogleUtilities.framework",
				"${TARGET_BUILD_DIR}/${FRAMEWORKS_FOLDER_PATH}/FBLPromises.framework",
				"${TARGET_BUILD_DIR}/${FRAMEWORKS_FOLDER_PATH}/SDWebImage.framework",
				"${TARGET_BUILD_DIR}/${FRAMEWORKS_FOLDER_PATH}/absl.framework",
				"${TARGET_BUILD_DIR}/${FRAMEWORKS_FOLDER_PATH}/grpcpp.framework",
				"${TARGET_BUILD_DIR}/${FRAMEWORKS_FOLDER_PATH}/grpc.framework",
				"${TARGET_BUILD_DIR}/${FRAMEWORKS_FOLDER_PATH}/leveldb.framework",
				"${TARGET_BUILD_DIR}/${FRAMEWORKS_FOLDER_PATH}/nanopb.framework",
			);
			runOnlyForDeploymentPostprocessing = 0;
			shellPath = /bin/sh;
			shellScript = "\"${PODS_ROOT}/Target Support Files/Pods-CalTest-CalTestUITests/Pods-CalTest-CalTestUITests-frameworks.sh\"\n";
			showEnvVarsInLog = 0;
		};
		CCCB5808BDA77B80BC52512B /* [CP] Check Pods Manifest.lock */ = {
			isa = PBXShellScriptBuildPhase;
			buildActionMask = 2147483647;
			files = (
			);
			inputFileListPaths = (
			);
			inputPaths = (
				"${PODS_PODFILE_DIR_PATH}/Podfile.lock",
				"${PODS_ROOT}/Manifest.lock",
			);
			name = "[CP] Check Pods Manifest.lock";
			outputFileListPaths = (
			);
			outputPaths = (
				"$(DERIVED_FILE_DIR)/Pods-CalTest-checkManifestLockResult.txt",
			);
			runOnlyForDeploymentPostprocessing = 0;
			shellPath = /bin/sh;
			shellScript = "diff \"${PODS_PODFILE_DIR_PATH}/Podfile.lock\" \"${PODS_ROOT}/Manifest.lock\" > /dev/null\nif [ $? != 0 ] ; then\n    # print error to STDERR\n    echo \"error: The sandbox is not in sync with the Podfile.lock. Run 'pod install' or update your CocoaPods installation.\" >&2\n    exit 1\nfi\n# This output is used by Xcode 'outputs' to avoid re-running this script phase.\necho \"SUCCESS\" > \"${SCRIPT_OUTPUT_FILE_0}\"\n";
			showEnvVarsInLog = 0;
		};
		DA647C26783722550CFD617A /* [CP] Embed Pods Frameworks */ = {
			isa = PBXShellScriptBuildPhase;
			buildActionMask = 2147483647;
			files = (
			);
			inputPaths = (
				"${PODS_ROOT}/Target Support Files/Pods-CalTest/Pods-CalTest-frameworks.sh",
				"${BUILT_PRODUCTS_DIR}/AppAuth/AppAuth.framework",
				"${BUILT_PRODUCTS_DIR}/BoringSSL-GRPC/openssl_grpc.framework",
				"${BUILT_PRODUCTS_DIR}/FBSDKCoreKit/FBSDKCoreKit.framework",
				"${BUILT_PRODUCTS_DIR}/FBSDKLoginKit/FBSDKLoginKit.framework",
				"${BUILT_PRODUCTS_DIR}/FirebaseAuth/FirebaseAuth.framework",
				"${BUILT_PRODUCTS_DIR}/FirebaseCore/FirebaseCore.framework",
				"${BUILT_PRODUCTS_DIR}/FirebaseCoreDiagnostics/FirebaseCoreDiagnostics.framework",
				"${BUILT_PRODUCTS_DIR}/FirebaseDatabase/FirebaseDatabase.framework",
				"${BUILT_PRODUCTS_DIR}/FirebaseFirestore/FirebaseFirestore.framework",
				"${BUILT_PRODUCTS_DIR}/FirebaseFirestoreSwift/FirebaseFirestoreSwift.framework",
				"${BUILT_PRODUCTS_DIR}/FirebaseInstallations/FirebaseInstallations.framework",
				"${BUILT_PRODUCTS_DIR}/FirebaseStorage/FirebaseStorage.framework",
				"${BUILT_PRODUCTS_DIR}/GTMAppAuth/GTMAppAuth.framework",
				"${BUILT_PRODUCTS_DIR}/GTMSessionFetcher/GTMSessionFetcher.framework",
				"${BUILT_PRODUCTS_DIR}/GoogleDataTransport/GoogleDataTransport.framework",
				"${BUILT_PRODUCTS_DIR}/GoogleUtilities/GoogleUtilities.framework",
				"${BUILT_PRODUCTS_DIR}/PromisesObjC/FBLPromises.framework",
				"${BUILT_PRODUCTS_DIR}/SDWebImage/SDWebImage.framework",
				"${BUILT_PRODUCTS_DIR}/abseil/absl.framework",
				"${BUILT_PRODUCTS_DIR}/gRPC-C++/grpcpp.framework",
				"${BUILT_PRODUCTS_DIR}/gRPC-Core/grpc.framework",
				"${BUILT_PRODUCTS_DIR}/leveldb-library/leveldb.framework",
				"${BUILT_PRODUCTS_DIR}/nanopb/nanopb.framework",
			);
			name = "[CP] Embed Pods Frameworks";
			outputPaths = (
				"${TARGET_BUILD_DIR}/${FRAMEWORKS_FOLDER_PATH}/AppAuth.framework",
				"${TARGET_BUILD_DIR}/${FRAMEWORKS_FOLDER_PATH}/openssl_grpc.framework",
				"${TARGET_BUILD_DIR}/${FRAMEWORKS_FOLDER_PATH}/FBSDKCoreKit.framework",
				"${TARGET_BUILD_DIR}/${FRAMEWORKS_FOLDER_PATH}/FBSDKLoginKit.framework",
				"${TARGET_BUILD_DIR}/${FRAMEWORKS_FOLDER_PATH}/FirebaseAuth.framework",
				"${TARGET_BUILD_DIR}/${FRAMEWORKS_FOLDER_PATH}/FirebaseCore.framework",
				"${TARGET_BUILD_DIR}/${FRAMEWORKS_FOLDER_PATH}/FirebaseCoreDiagnostics.framework",
				"${TARGET_BUILD_DIR}/${FRAMEWORKS_FOLDER_PATH}/FirebaseDatabase.framework",
				"${TARGET_BUILD_DIR}/${FRAMEWORKS_FOLDER_PATH}/FirebaseFirestore.framework",
				"${TARGET_BUILD_DIR}/${FRAMEWORKS_FOLDER_PATH}/FirebaseFirestoreSwift.framework",
				"${TARGET_BUILD_DIR}/${FRAMEWORKS_FOLDER_PATH}/FirebaseInstallations.framework",
				"${TARGET_BUILD_DIR}/${FRAMEWORKS_FOLDER_PATH}/FirebaseStorage.framework",
				"${TARGET_BUILD_DIR}/${FRAMEWORKS_FOLDER_PATH}/GTMAppAuth.framework",
				"${TARGET_BUILD_DIR}/${FRAMEWORKS_FOLDER_PATH}/GTMSessionFetcher.framework",
				"${TARGET_BUILD_DIR}/${FRAMEWORKS_FOLDER_PATH}/GoogleDataTransport.framework",
				"${TARGET_BUILD_DIR}/${FRAMEWORKS_FOLDER_PATH}/GoogleUtilities.framework",
				"${TARGET_BUILD_DIR}/${FRAMEWORKS_FOLDER_PATH}/FBLPromises.framework",
				"${TARGET_BUILD_DIR}/${FRAMEWORKS_FOLDER_PATH}/SDWebImage.framework",
				"${TARGET_BUILD_DIR}/${FRAMEWORKS_FOLDER_PATH}/absl.framework",
				"${TARGET_BUILD_DIR}/${FRAMEWORKS_FOLDER_PATH}/grpcpp.framework",
				"${TARGET_BUILD_DIR}/${FRAMEWORKS_FOLDER_PATH}/grpc.framework",
				"${TARGET_BUILD_DIR}/${FRAMEWORKS_FOLDER_PATH}/leveldb.framework",
				"${TARGET_BUILD_DIR}/${FRAMEWORKS_FOLDER_PATH}/nanopb.framework",
			);
			runOnlyForDeploymentPostprocessing = 0;
			shellPath = /bin/sh;
			shellScript = "\"${PODS_ROOT}/Target Support Files/Pods-CalTest/Pods-CalTest-frameworks.sh\"\n";
			showEnvVarsInLog = 0;
		};
		E21A1D08A19F6C762048E88E /* [CP] Check Pods Manifest.lock */ = {
			isa = PBXShellScriptBuildPhase;
			buildActionMask = 2147483647;
			files = (
			);
			inputPaths = (
				"${PODS_PODFILE_DIR_PATH}/Podfile.lock",
				"${PODS_ROOT}/Manifest.lock",
			);
			name = "[CP] Check Pods Manifest.lock";
			outputPaths = (
				"$(DERIVED_FILE_DIR)/Pods-CalTestTests-checkManifestLockResult.txt",
			);
			runOnlyForDeploymentPostprocessing = 0;
			shellPath = /bin/sh;
			shellScript = "diff \"${PODS_PODFILE_DIR_PATH}/Podfile.lock\" \"${PODS_ROOT}/Manifest.lock\" > /dev/null\nif [ $? != 0 ] ; then\n    # print error to STDERR\n    echo \"error: The sandbox is not in sync with the Podfile.lock. Run 'pod install' or update your CocoaPods installation.\" >&2\n    exit 1\nfi\n# This output is used by Xcode 'outputs' to avoid re-running this script phase.\necho \"SUCCESS\" > \"${SCRIPT_OUTPUT_FILE_0}\"\n";
			showEnvVarsInLog = 0;
		};
/* End PBXShellScriptBuildPhase section */

/* Begin PBXSourcesBuildPhase section */
		7D5F5D7D1FC207A800129830 /* Sources */ = {
			isa = PBXSourcesBuildPhase;
			buildActionMask = 2147483647;
			files = (
				7DB08E0726430339002C4B25 /* NotificationResponseAlert.swift in Sources */,
				7D3127C51FF9A32C009752F0 /* Settings.swift in Sources */,
				7D4E7BB01FFAC79F0085DA33 /* NewEventToggleCell.swift in Sources */,
				7D4AA0A226404B98002EFAF2 /* UserManagerViewController.swift in Sources */,
				7DA95A4720080B02004DB003 /* AdMobCollectionViewCell.swift in Sources */,
				7D5E0FF31FC9D8BB006A9D75 /* WelcomeViewController.swift in Sources */,
				7D0F87CC2004244F00CB0058 /* Status.swift in Sources */,
				7D0F87D4200465A100CB0058 /* StatusView.swift in Sources */,
				7DCE3F741FD3176600322939 /* EventViewController.swift in Sources */,
				7DCE3F6C1FD07A5600322939 /* NewRequestVC.swift in Sources */,
				7D2A498E1FED498D00CDEEB3 /* Invitee.swift in Sources */,
				7DBDE528265AFE2200F4D630 /* LogoutButtonCell.swift in Sources */,
				7D117BAB1FC45DAE009E5932 /* TimeTableViewCell.swift in Sources */,
				7D3127C31FF98B65009752F0 /* SettingsToggleCell.swift in Sources */,
				7DAA49DE1FCCC2990056E033 /* NewEventVC.swift in Sources */,
				7DAA49E51FCCCEAB0056E033 /* FormDatePickerCell.swift in Sources */,
				7DCE3F721FD305D500322939 /* CalendarNavigationController.swift in Sources */,
				7D5F5D871FC207A800129830 /* CalendarViewController.swift in Sources */,
				7D0F87D820050F7800CB0058 /* StatusViewCell.swift in Sources */,
				7D88FFD51FCB966400E6773E /* FriendsListViewController.swift in Sources */,
				7DC80BEB265D6B6E00C8378C /* Circle.swift in Sources */,
				7D5E0FF51FCA4110006A9D75 /* TabBarController.swift in Sources */,
				7DE55C281FCF165E00016A83 /* Request.swift in Sources */,
				7D7DEB891FC23AAA00F5443D /* CalendarHandler.swift in Sources */,
				7D88FFD71FCC58CB00E6773E /* FriendsListViewCell.swift in Sources */,
				7DCE27B41FC30E1C000981A9 /* CalendarDay.swift in Sources */,
				7DAA49E31FCCCE650056E033 /* FormTextCell.swift in Sources */,
				7D5ACE0F267CC35700C5CD75 /* Theme.swift in Sources */,
				7D90D53F1FD44B7D00FE2E89 /* SettingsViewController.swift in Sources */,
				7D5F5D851FC207A800129830 /* AppDelegate.swift in Sources */,
				7DE55C261FCF15F800016A83 /* NotificationViewController.swift in Sources */,
				7D4AA0A0264042F9002EFAF2 /* SettingsUserProfileCell.swift in Sources */,
				7D45F4592005329D0096A205 /* NewStatusViewCell.swift in Sources */,
				7D117BA71FC33EB2009E5932 /* Event.swift in Sources */,
				7D88FFD91FCC5E4700E6773E /* Person.swift in Sources */,
				7D74E0C51FC7888D00DB91AF /* CalendarViewCell.swift in Sources */,
				7D117BA91FC39462009E5932 /* DayViewController.swift in Sources */,
				7D0F87D12004554A00CB0058 /* StatusTableViewCell.swift in Sources */,
				7D2A498C1FED42A800CDEEB3 /* InviteesTableViewController.swift in Sources */,
				7D4483D32039DADC00071CB3 /* LoginViewCell.swift in Sources */,
				7D2A49901FF0335900CDEEB3 /* InviteFriendViewController.swift in Sources */,
				7D476FB42014F6710004E490 /* TextTableViewCell.swift in Sources */,
				7DCE3F6A1FCF7F7500322939 /* NotificationRequestViewCell.swift in Sources */,
				7D8B86901FF6B91F006D4284 /* EventContainerView.swift in Sources */,
				7DA1D91F203B5F800058580D /* SelectableTableViewCell.swift in Sources */,
			);
			runOnlyForDeploymentPostprocessing = 0;
		};
		7D5F5D911FC207A800129830 /* Sources */ = {
			isa = PBXSourcesBuildPhase;
			buildActionMask = 2147483647;
			files = (
				7D5F5D9A1FC207A800129830 /* CalTestTests.swift in Sources */,
			);
			runOnlyForDeploymentPostprocessing = 0;
		};
		7D5F5D9C1FC207A800129830 /* Sources */ = {
			isa = PBXSourcesBuildPhase;
			buildActionMask = 2147483647;
			files = (
				7D5F5DA51FC207A800129830 /* CalTestUITests.swift in Sources */,
			);
			runOnlyForDeploymentPostprocessing = 0;
		};
/* End PBXSourcesBuildPhase section */

/* Begin PBXTargetDependency section */
		7D5F5D971FC207A800129830 /* PBXTargetDependency */ = {
			isa = PBXTargetDependency;
			target = 7D5F5D801FC207A800129830 /* CalTest */;
			targetProxy = 7D5F5D961FC207A800129830 /* PBXContainerItemProxy */;
		};
		7D5F5DA21FC207A800129830 /* PBXTargetDependency */ = {
			isa = PBXTargetDependency;
			target = 7D5F5D801FC207A800129830 /* CalTest */;
			targetProxy = 7D5F5DA11FC207A800129830 /* PBXContainerItemProxy */;
		};
/* End PBXTargetDependency section */

/* Begin PBXVariantGroup section */
		7D5F5D8D1FC207A800129830 /* LaunchScreen.storyboard */ = {
			isa = PBXVariantGroup;
			children = (
				7D5F5D8E1FC207A800129830 /* Base */,
			);
			name = LaunchScreen.storyboard;
			sourceTree = "<group>";
		};
/* End PBXVariantGroup section */

/* Begin XCBuildConfiguration section */
		7D5F5DA71FC207A800129830 /* Debug */ = {
			isa = XCBuildConfiguration;
			buildSettings = {
				ALWAYS_SEARCH_USER_PATHS = NO;
				CLANG_ANALYZER_NONNULL = YES;
				CLANG_ANALYZER_NUMBER_OBJECT_CONVERSION = YES_AGGRESSIVE;
				CLANG_CXX_LANGUAGE_STANDARD = "gnu++14";
				CLANG_CXX_LIBRARY = "libc++";
				CLANG_ENABLE_MODULES = YES;
				CLANG_ENABLE_OBJC_ARC = YES;
				CLANG_WARN_BLOCK_CAPTURE_AUTORELEASING = YES;
				CLANG_WARN_BOOL_CONVERSION = YES;
				CLANG_WARN_COMMA = YES;
				CLANG_WARN_CONSTANT_CONVERSION = YES;
				CLANG_WARN_DEPRECATED_OBJC_IMPLEMENTATIONS = YES;
				CLANG_WARN_DIRECT_OBJC_ISA_USAGE = YES_ERROR;
				CLANG_WARN_DOCUMENTATION_COMMENTS = YES;
				CLANG_WARN_EMPTY_BODY = YES;
				CLANG_WARN_ENUM_CONVERSION = YES;
				CLANG_WARN_INFINITE_RECURSION = YES;
				CLANG_WARN_INT_CONVERSION = YES;
				CLANG_WARN_NON_LITERAL_NULL_CONVERSION = YES;
				CLANG_WARN_OBJC_IMPLICIT_RETAIN_SELF = YES;
				CLANG_WARN_OBJC_LITERAL_CONVERSION = YES;
				CLANG_WARN_OBJC_ROOT_CLASS = YES_ERROR;
				CLANG_WARN_QUOTED_INCLUDE_IN_FRAMEWORK_HEADER = YES;
				CLANG_WARN_RANGE_LOOP_ANALYSIS = YES;
				CLANG_WARN_STRICT_PROTOTYPES = YES;
				CLANG_WARN_SUSPICIOUS_MOVE = YES;
				CLANG_WARN_UNGUARDED_AVAILABILITY = YES_AGGRESSIVE;
				CLANG_WARN_UNREACHABLE_CODE = YES;
				CLANG_WARN__DUPLICATE_METHOD_MATCH = YES;
				CODE_SIGN_IDENTITY = "iPhone Developer";
				COPY_PHASE_STRIP = NO;
				DEBUG_INFORMATION_FORMAT = dwarf;
				ENABLE_STRICT_OBJC_MSGSEND = YES;
				ENABLE_TESTABILITY = YES;
				GCC_C_LANGUAGE_STANDARD = gnu11;
				GCC_DYNAMIC_NO_PIC = NO;
				GCC_NO_COMMON_BLOCKS = YES;
				GCC_OPTIMIZATION_LEVEL = 0;
				GCC_PREPROCESSOR_DEFINITIONS = (
					"DEBUG=1",
					"$(inherited)",
				);
				GCC_WARN_64_TO_32_BIT_CONVERSION = YES;
				GCC_WARN_ABOUT_RETURN_TYPE = YES_ERROR;
				GCC_WARN_UNDECLARED_SELECTOR = YES;
				GCC_WARN_UNINITIALIZED_AUTOS = YES_AGGRESSIVE;
				GCC_WARN_UNUSED_FUNCTION = YES;
				GCC_WARN_UNUSED_VARIABLE = YES;
				IPHONEOS_DEPLOYMENT_TARGET = 14.4;
				MTL_ENABLE_DEBUG_INFO = YES;
				ONLY_ACTIVE_ARCH = YES;
				SDKROOT = iphoneos;
				SWIFT_ACTIVE_COMPILATION_CONDITIONS = DEBUG;
				SWIFT_OPTIMIZATION_LEVEL = "-Onone";
			};
			name = Debug;
		};
		7D5F5DA81FC207A800129830 /* Release */ = {
			isa = XCBuildConfiguration;
			buildSettings = {
				ALWAYS_SEARCH_USER_PATHS = NO;
				CLANG_ANALYZER_NONNULL = YES;
				CLANG_ANALYZER_NUMBER_OBJECT_CONVERSION = YES_AGGRESSIVE;
				CLANG_CXX_LANGUAGE_STANDARD = "gnu++14";
				CLANG_CXX_LIBRARY = "libc++";
				CLANG_ENABLE_MODULES = YES;
				CLANG_ENABLE_OBJC_ARC = YES;
				CLANG_WARN_BLOCK_CAPTURE_AUTORELEASING = YES;
				CLANG_WARN_BOOL_CONVERSION = YES;
				CLANG_WARN_COMMA = YES;
				CLANG_WARN_CONSTANT_CONVERSION = YES;
				CLANG_WARN_DEPRECATED_OBJC_IMPLEMENTATIONS = YES;
				CLANG_WARN_DIRECT_OBJC_ISA_USAGE = YES_ERROR;
				CLANG_WARN_DOCUMENTATION_COMMENTS = YES;
				CLANG_WARN_EMPTY_BODY = YES;
				CLANG_WARN_ENUM_CONVERSION = YES;
				CLANG_WARN_INFINITE_RECURSION = YES;
				CLANG_WARN_INT_CONVERSION = YES;
				CLANG_WARN_NON_LITERAL_NULL_CONVERSION = YES;
				CLANG_WARN_OBJC_IMPLICIT_RETAIN_SELF = YES;
				CLANG_WARN_OBJC_LITERAL_CONVERSION = YES;
				CLANG_WARN_OBJC_ROOT_CLASS = YES_ERROR;
				CLANG_WARN_QUOTED_INCLUDE_IN_FRAMEWORK_HEADER = YES;
				CLANG_WARN_RANGE_LOOP_ANALYSIS = YES;
				CLANG_WARN_STRICT_PROTOTYPES = YES;
				CLANG_WARN_SUSPICIOUS_MOVE = YES;
				CLANG_WARN_UNGUARDED_AVAILABILITY = YES_AGGRESSIVE;
				CLANG_WARN_UNREACHABLE_CODE = YES;
				CLANG_WARN__DUPLICATE_METHOD_MATCH = YES;
				CODE_SIGN_IDENTITY = "iPhone Developer";
				COPY_PHASE_STRIP = NO;
				DEBUG_INFORMATION_FORMAT = "dwarf-with-dsym";
				ENABLE_NS_ASSERTIONS = NO;
				ENABLE_STRICT_OBJC_MSGSEND = YES;
				GCC_C_LANGUAGE_STANDARD = gnu11;
				GCC_NO_COMMON_BLOCKS = YES;
				GCC_WARN_64_TO_32_BIT_CONVERSION = YES;
				GCC_WARN_ABOUT_RETURN_TYPE = YES_ERROR;
				GCC_WARN_UNDECLARED_SELECTOR = YES;
				GCC_WARN_UNINITIALIZED_AUTOS = YES_AGGRESSIVE;
				GCC_WARN_UNUSED_FUNCTION = YES;
				GCC_WARN_UNUSED_VARIABLE = YES;
				IPHONEOS_DEPLOYMENT_TARGET = 14.4;
				MTL_ENABLE_DEBUG_INFO = NO;
				SDKROOT = iphoneos;
				SWIFT_OPTIMIZATION_LEVEL = "-Owholemodule";
				VALIDATE_PRODUCT = YES;
			};
			name = Release;
		};
		7D5F5DAA1FC207A800129830 /* Debug */ = {
			isa = XCBuildConfiguration;
			baseConfigurationReference = 4F480677EC0C983002DA7A67 /* Pods-CalTest.debug.xcconfig */;
			buildSettings = {
				ASSETCATALOG_COMPILER_APPICON_NAME = AppIcon;
				CODE_SIGN_ENTITLEMENTS = CalTest/Friendal.entitlements;
				CODE_SIGN_IDENTITY = "Apple Development";
				CODE_SIGN_STYLE = Automatic;
				CURRENT_PROJECT_VERSION = 4;
				DEBUG_INFORMATION_FORMAT = "dwarf-with-dsym";
				DEVELOPMENT_TEAM = 57WNKNHVA2;
				ENABLE_BITCODE = NO;
				INFOPLIST_FILE = CalTest/Info.plist;
				IPHONEOS_DEPLOYMENT_TARGET = 14.4;
				LD_RUNPATH_SEARCH_PATHS = "$(inherited) @executable_path/Frameworks";
				MARKETING_VERSION = 0.5;
				PRODUCT_BUNDLE_IDENTIFIER = com.makeitfortheweb.Palendar;
				PRODUCT_NAME = Palendar;
				PROVISIONING_PROFILE_SPECIFIER = "";
				SWIFT_VERSION = 5.0;
				TARGETED_DEVICE_FAMILY = 1;
			};
			name = Debug;
		};
		7D5F5DAB1FC207A800129830 /* Release */ = {
			isa = XCBuildConfiguration;
			baseConfigurationReference = 09A3E60DF85BA0F9315B1DF0 /* Pods-CalTest.release.xcconfig */;
			buildSettings = {
				ASSETCATALOG_COMPILER_APPICON_NAME = AppIcon;
				CODE_SIGN_ENTITLEMENTS = CalTest/Friendal.entitlements;
				CODE_SIGN_IDENTITY = "Apple Development";
				CODE_SIGN_STYLE = Automatic;
				CURRENT_PROJECT_VERSION = 4;
				DEVELOPMENT_TEAM = 57WNKNHVA2;
				ENABLE_BITCODE = NO;
				INFOPLIST_FILE = CalTest/Info.plist;
				IPHONEOS_DEPLOYMENT_TARGET = 14.4;
				LD_RUNPATH_SEARCH_PATHS = "$(inherited) @executable_path/Frameworks";
				MARKETING_VERSION = 0.5;
				PRODUCT_BUNDLE_IDENTIFIER = com.makeitfortheweb.Palendar;
				PRODUCT_NAME = Palendar;
				PROVISIONING_PROFILE_SPECIFIER = "";
				SWIFT_VERSION = 5.0;
				TARGETED_DEVICE_FAMILY = 1;
			};
			name = Release;
		};
		7D5F5DAD1FC207A800129830 /* Debug */ = {
			isa = XCBuildConfiguration;
			baseConfigurationReference = 3544A1EE24B69EBAFCC9E556 /* Pods-CalTestTests.debug.xcconfig */;
			buildSettings = {
				ALWAYS_EMBED_SWIFT_STANDARD_LIBRARIES = YES;
				BUNDLE_LOADER = "$(TEST_HOST)";
				CODE_SIGN_STYLE = Automatic;
				DEVELOPMENT_TEAM = A832G8D3K3;
				INFOPLIST_FILE = CalTestTests/Info.plist;
				LD_RUNPATH_SEARCH_PATHS = "$(inherited) @executable_path/Frameworks @loader_path/Frameworks";
				PRODUCT_BUNDLE_IDENTIFIER = com.makeitfortheweb.CalTestTests;
				PRODUCT_NAME = "$(TARGET_NAME)";
				SWIFT_VERSION = 4.0;
				TARGETED_DEVICE_FAMILY = "1,2";
				TEST_HOST = "$(BUILT_PRODUCTS_DIR)/CalTest.app/CalTest";
			};
			name = Debug;
		};
		7D5F5DAE1FC207A800129830 /* Release */ = {
			isa = XCBuildConfiguration;
			baseConfigurationReference = A70C6466F2D7E90D3EE9FBAE /* Pods-CalTestTests.release.xcconfig */;
			buildSettings = {
				ALWAYS_EMBED_SWIFT_STANDARD_LIBRARIES = YES;
				BUNDLE_LOADER = "$(TEST_HOST)";
				CODE_SIGN_STYLE = Automatic;
				DEVELOPMENT_TEAM = A832G8D3K3;
				INFOPLIST_FILE = CalTestTests/Info.plist;
				LD_RUNPATH_SEARCH_PATHS = "$(inherited) @executable_path/Frameworks @loader_path/Frameworks";
				PRODUCT_BUNDLE_IDENTIFIER = com.makeitfortheweb.CalTestTests;
				PRODUCT_NAME = "$(TARGET_NAME)";
				SWIFT_VERSION = 4.0;
				TARGETED_DEVICE_FAMILY = "1,2";
				TEST_HOST = "$(BUILT_PRODUCTS_DIR)/CalTest.app/CalTest";
			};
			name = Release;
		};
		7D5F5DB01FC207A800129830 /* Debug */ = {
			isa = XCBuildConfiguration;
			baseConfigurationReference = AB4C8569B3B0D6FB6C348331 /* Pods-CalTest-CalTestUITests.debug.xcconfig */;
			buildSettings = {
				ALWAYS_EMBED_SWIFT_STANDARD_LIBRARIES = YES;
				CODE_SIGN_STYLE = Automatic;
				DEVELOPMENT_TEAM = A832G8D3K3;
				INFOPLIST_FILE = CalTestUITests/Info.plist;
				LD_RUNPATH_SEARCH_PATHS = "$(inherited) @executable_path/Frameworks @loader_path/Frameworks";
				PRODUCT_BUNDLE_IDENTIFIER = com.makeitfortheweb.CalTestUITests;
				PRODUCT_NAME = "$(TARGET_NAME)";
				SWIFT_VERSION = 4.0;
				TARGETED_DEVICE_FAMILY = "1,2";
				TEST_TARGET_NAME = CalTest;
			};
			name = Debug;
		};
		7D5F5DB11FC207A800129830 /* Release */ = {
			isa = XCBuildConfiguration;
			baseConfigurationReference = D2597DD14A951CF1C5A710D9 /* Pods-CalTest-CalTestUITests.release.xcconfig */;
			buildSettings = {
				ALWAYS_EMBED_SWIFT_STANDARD_LIBRARIES = YES;
				CODE_SIGN_STYLE = Automatic;
				DEVELOPMENT_TEAM = A832G8D3K3;
				INFOPLIST_FILE = CalTestUITests/Info.plist;
				LD_RUNPATH_SEARCH_PATHS = "$(inherited) @executable_path/Frameworks @loader_path/Frameworks";
				PRODUCT_BUNDLE_IDENTIFIER = com.makeitfortheweb.CalTestUITests;
				PRODUCT_NAME = "$(TARGET_NAME)";
				SWIFT_VERSION = 4.0;
				TARGETED_DEVICE_FAMILY = "1,2";
				TEST_TARGET_NAME = CalTest;
			};
			name = Release;
		};
/* End XCBuildConfiguration section */

/* Begin XCConfigurationList section */
		7D5F5D7C1FC207A800129830 /* Build configuration list for PBXProject "CalTest" */ = {
			isa = XCConfigurationList;
			buildConfigurations = (
				7D5F5DA71FC207A800129830 /* Debug */,
				7D5F5DA81FC207A800129830 /* Release */,
			);
			defaultConfigurationIsVisible = 0;
			defaultConfigurationName = Release;
		};
		7D5F5DA91FC207A800129830 /* Build configuration list for PBXNativeTarget "CalTest" */ = {
			isa = XCConfigurationList;
			buildConfigurations = (
				7D5F5DAA1FC207A800129830 /* Debug */,
				7D5F5DAB1FC207A800129830 /* Release */,
			);
			defaultConfigurationIsVisible = 0;
			defaultConfigurationName = Release;
		};
		7D5F5DAC1FC207A800129830 /* Build configuration list for PBXNativeTarget "CalTestTests" */ = {
			isa = XCConfigurationList;
			buildConfigurations = (
				7D5F5DAD1FC207A800129830 /* Debug */,
				7D5F5DAE1FC207A800129830 /* Release */,
			);
			defaultConfigurationIsVisible = 0;
			defaultConfigurationName = Release;
		};
		7D5F5DAF1FC207A800129830 /* Build configuration list for PBXNativeTarget "CalTestUITests" */ = {
			isa = XCConfigurationList;
			buildConfigurations = (
				7D5F5DB01FC207A800129830 /* Debug */,
				7D5F5DB11FC207A800129830 /* Release */,
			);
			defaultConfigurationIsVisible = 0;
			defaultConfigurationName = Release;
		};
/* End XCConfigurationList section */
	};
	rootObject = 7D5F5D791FC207A800129830 /* Project object */;
}
